// !$*UTF8*$!
{
	archiveVersion = 1;
	classes = {
	};
	objectVersion = 46;
	objects = {

/* Begin PBXBuildFile section */
		7A545A6A1EF3D31D00ADB297 /* sprites.atlas in Resources */ = {isa = PBXBuildFile; fileRef = 7A545A691EF3D31D00ADB297 /* sprites.atlas */; };
		7A7F94DE1EF8C0A300691138 /* MenuScene.swift in Sources */ = {isa = PBXBuildFile; fileRef = 7A7F94DD1EF8C0A300691138 /* MenuScene.swift */; };
		7A7F94E01EF8C45300691138 /* SharedConstants.swift in Sources */ = {isa = PBXBuildFile; fileRef = 7A7F94DF1EF8C45300691138 /* SharedConstants.swift */; };
		7A7F94E21EF8C49900691138 /* SpaceMan.swift in Sources */ = {isa = PBXBuildFile; fileRef = 7A7F94E11EF8C49900691138 /* SpaceMan.swift */; };
		7A7F94E41EF8C71B00691138 /* Orb.swift in Sources */ = {isa = PBXBuildFile; fileRef = 7A7F94E31EF8C71B00691138 /* Orb.swift */; };
		7A7F94E61EF8C87E00691138 /* BlackHole.swift in Sources */ = {isa = PBXBuildFile; fileRef = 7A7F94E51EF8C87E00691138 /* BlackHole.swift */; };
		7A9C12D31EF23B6400D47C4E /* AppDelegate.swift in Sources */ = {isa = PBXBuildFile; fileRef = 7A9C12D21EF23B6400D47C4E /* AppDelegate.swift */; };
		7A9C12D91EF23B6400D47C4E /* GameScene.swift in Sources */ = {isa = PBXBuildFile; fileRef = 7A9C12D81EF23B6400D47C4E /* GameScene.swift */; };
		7A9C12DB1EF23B6400D47C4E /* GameViewController.swift in Sources */ = {isa = PBXBuildFile; fileRef = 7A9C12DA1EF23B6400D47C4E /* GameViewController.swift */; };
		7A9C12DE1EF23B6400D47C4E /* Main.storyboard in Resources */ = {isa = PBXBuildFile; fileRef = 7A9C12DC1EF23B6400D47C4E /* Main.storyboard */; };
		7A9C12E01EF23B6400D47C4E /* Assets.xcassets in Resources */ = {isa = PBXBuildFile; fileRef = 7A9C12DF1EF23B6400D47C4E /* Assets.xcassets */; };
		7A9C12E31EF23B6400D47C4E /* LaunchScreen.storyboard in Resources */ = {isa = PBXBuildFile; fileRef = 7A9C12E11EF23B6400D47C4E /* LaunchScreen.storyboard */; };
		7ADFBD461EF7648D005B8F47 /* MyParticle.sks in Resources */ = {isa = PBXBuildFile; fileRef = 7ADFBD441EF7648D005B8F47 /* MyParticle.sks */; };
		7ADFBD471EF7648D005B8F47 /* spark.png in Resources */ = {isa = PBXBuildFile; fileRef = 7ADFBD451EF7648D005B8F47 /* spark.png */; };
		7ADFBD491EF7B4A1005B8F47 /* EngineExhaust.sks in Resources */ = {isa = PBXBuildFile; fileRef = 7ADFBD481EF7B4A1005B8F47 /* EngineExhaust.sks */; };
/* End PBXBuildFile section */

/* Begin PBXFileReference section */
		7A545A691EF3D31D00ADB297 /* sprites.atlas */ = {isa = PBXFileReference; lastKnownFileType = folder.skatlas; path = sprites.atlas; sourceTree = "<group>"; };
		7A7F94DD1EF8C0A300691138 /* MenuScene.swift */ = {isa = PBXFileReference; fileEncoding = 4; lastKnownFileType = sourcecode.swift; path = MenuScene.swift; sourceTree = "<group>"; };
		7A7F94DF1EF8C45300691138 /* SharedConstants.swift */ = {isa = PBXFileReference; fileEncoding = 4; lastKnownFileType = sourcecode.swift; path = SharedConstants.swift; sourceTree = "<group>"; };
		7A7F94E11EF8C49900691138 /* SpaceMan.swift */ = {isa = PBXFileReference; fileEncoding = 4; lastKnownFileType = sourcecode.swift; path = SpaceMan.swift; sourceTree = "<group>"; };
		7A7F94E31EF8C71B00691138 /* Orb.swift */ = {isa = PBXFileReference; fileEncoding = 4; lastKnownFileType = sourcecode.swift; path = Orb.swift; sourceTree = "<group>"; };
		7A7F94E51EF8C87E00691138 /* BlackHole.swift */ = {isa = PBXFileReference; fileEncoding = 4; lastKnownFileType = sourcecode.swift; path = BlackHole.swift; sourceTree = "<group>"; };
		7A9C12CF1EF23B6300D47C4E /* SuperSpaceMan.app */ = {isa = PBXFileReference; explicitFileType = wrapper.application; includeInIndex = 0; path = SuperSpaceMan.app; sourceTree = BUILT_PRODUCTS_DIR; };
		7A9C12D21EF23B6400D47C4E /* AppDelegate.swift */ = {isa = PBXFileReference; lastKnownFileType = sourcecode.swift; path = AppDelegate.swift; sourceTree = "<group>"; };
		7A9C12D81EF23B6400D47C4E /* GameScene.swift */ = {isa = PBXFileReference; lastKnownFileType = sourcecode.swift; path = GameScene.swift; sourceTree = "<group>"; };
		7A9C12DA1EF23B6400D47C4E /* GameViewController.swift */ = {isa = PBXFileReference; lastKnownFileType = sourcecode.swift; path = GameViewController.swift; sourceTree = "<group>"; };
		7A9C12DD1EF23B6400D47C4E /* Base */ = {isa = PBXFileReference; lastKnownFileType = file.storyboard; name = Base; path = Base.lproj/Main.storyboard; sourceTree = "<group>"; };
		7A9C12DF1EF23B6400D47C4E /* Assets.xcassets */ = {isa = PBXFileReference; lastKnownFileType = folder.assetcatalog; path = Assets.xcassets; sourceTree = "<group>"; };
		7A9C12E21EF23B6400D47C4E /* Base */ = {isa = PBXFileReference; lastKnownFileType = file.storyboard; name = Base; path = Base.lproj/LaunchScreen.storyboard; sourceTree = "<group>"; };
		7A9C12E41EF23B6400D47C4E /* Info.plist */ = {isa = PBXFileReference; lastKnownFileType = text.plist.xml; path = Info.plist; sourceTree = "<group>"; };
		7ADFBD441EF7648D005B8F47 /* MyParticle.sks */ = {isa = PBXFileReference; lastKnownFileType = file.sks; path = MyParticle.sks; sourceTree = "<group>"; };
		7ADFBD451EF7648D005B8F47 /* spark.png */ = {isa = PBXFileReference; lastKnownFileType = image.png; path = spark.png; sourceTree = "<group>"; };
		7ADFBD481EF7B4A1005B8F47 /* EngineExhaust.sks */ = {isa = PBXFileReference; lastKnownFileType = file.sks; path = EngineExhaust.sks; sourceTree = "<group>"; };
/* End PBXFileReference section */

/* Begin PBXFrameworksBuildPhase section */
		7A9C12CC1EF23B6300D47C4E /* Frameworks */ = {
			isa = PBXFrameworksBuildPhase;
			buildActionMask = 2147483647;
			files = (
			);
			runOnlyForDeploymentPostprocessing = 0;
		};
/* End PBXFrameworksBuildPhase section */

/* Begin PBXGroup section */
		7A9C12C61EF23B6300D47C4E = {
			isa = PBXGroup;
			children = (
				7A9C12D11EF23B6400D47C4E /* SuperSpaceMan */,
				7A9C12D01EF23B6400D47C4E /* Products */,
			);
			sourceTree = "<group>";
		};
		7A9C12D01EF23B6400D47C4E /* Products */ = {
			isa = PBXGroup;
			children = (
				7A9C12CF1EF23B6300D47C4E /* SuperSpaceMan.app */,
			);
			name = Products;
			sourceTree = "<group>";
		};
		7A9C12D11EF23B6400D47C4E /* SuperSpaceMan */ = {
			isa = PBXGroup;
			children = (
				7A9C12D21EF23B6400D47C4E /* AppDelegate.swift */,
				7A9C12D81EF23B6400D47C4E /* GameScene.swift */,
				7A7F94DD1EF8C0A300691138 /* MenuScene.swift */,
				7A7F94DF1EF8C45300691138 /* SharedConstants.swift */,
				7A7F94E11EF8C49900691138 /* SpaceMan.swift */,
				7A7F94E31EF8C71B00691138 /* Orb.swift */,
				7A7F94E51EF8C87E00691138 /* BlackHole.swift */,
				7ADFBD481EF7B4A1005B8F47 /* EngineExhaust.sks */,
				7ADFBD441EF7648D005B8F47 /* MyParticle.sks */,
				7ADFBD451EF7648D005B8F47 /* spark.png */,
				7A9C12DA1EF23B6400D47C4E /* GameViewController.swift */,
				7A9C12DC1EF23B6400D47C4E /* Main.storyboard */,
				7A9C12DF1EF23B6400D47C4E /* Assets.xcassets */,
				7A545A691EF3D31D00ADB297 /* sprites.atlas */,
				7A9C12E11EF23B6400D47C4E /* LaunchScreen.storyboard */,
				7A9C12E41EF23B6400D47C4E /* Info.plist */,
			);
			path = SuperSpaceMan;
			sourceTree = "<group>";
		};
/* End PBXGroup section */

/* Begin PBXNativeTarget section */
		7A9C12CE1EF23B6300D47C4E /* SuperSpaceMan */ = {
			isa = PBXNativeTarget;
			buildConfigurationList = 7A9C12E71EF23B6400D47C4E /* Build configuration list for PBXNativeTarget "SuperSpaceMan" */;
			buildPhases = (
				7A9C12CB1EF23B6300D47C4E /* Sources */,
				7A9C12CC1EF23B6300D47C4E /* Frameworks */,
				7A9C12CD1EF23B6300D47C4E /* Resources */,
			);
			buildRules = (
			);
			dependencies = (
			);
			name = SuperSpaceMan;
			productName = SuperSpaceMan;
			productReference = 7A9C12CF1EF23B6300D47C4E /* SuperSpaceMan.app */;
			productType = "com.apple.product-type.application";
		};
/* End PBXNativeTarget section */

/* Begin PBXProject section */
		7A9C12C71EF23B6300D47C4E /* Project object */ = {
			isa = PBXProject;
			attributes = {
				LastSwiftUpdateCheck = 0800;
				LastUpgradeCheck = 0800;
				ORGANIZATIONNAME = YuHua;
				TargetAttributes = {
					7A9C12CE1EF23B6300D47C4E = {
						CreatedOnToolsVersion = 8.0;
						DevelopmentTeam = 6VV2NJQ5AD;
						ProvisioningStyle = Automatic;
					};
				};
			};
			buildConfigurationList = 7A9C12CA1EF23B6300D47C4E /* Build configuration list for PBXProject "SuperSpaceMan" */;
			compatibilityVersion = "Xcode 3.2";
			developmentRegion = English;
			hasScannedForEncodings = 0;
			knownRegions = (
				en,
				Base,
			);
			mainGroup = 7A9C12C61EF23B6300D47C4E;
			productRefGroup = 7A9C12D01EF23B6400D47C4E /* Products */;
			projectDirPath = "";
			projectRoot = "";
			targets = (
				7A9C12CE1EF23B6300D47C4E /* SuperSpaceMan */,
			);
		};
/* End PBXProject section */

/* Begin PBXResourcesBuildPhase section */
		7A9C12CD1EF23B6300D47C4E /* Resources */ = {
			isa = PBXResourcesBuildPhase;
			buildActionMask = 2147483647;
			files = (
				7A9C12DE1EF23B6400D47C4E /* Main.storyboard in Resources */,
				7ADFBD471EF7648D005B8F47 /* spark.png in Resources */,
				7A9C12E01EF23B6400D47C4E /* Assets.xcassets in Resources */,
				7A545A6A1EF3D31D00ADB297 /* sprites.atlas in Resources */,
				7ADFBD491EF7B4A1005B8F47 /* EngineExhaust.sks in Resources */,
				7A9C12E31EF23B6400D47C4E /* LaunchScreen.storyboard in Resources */,
				7ADFBD461EF7648D005B8F47 /* MyParticle.sks in Resources */,
			);
			runOnlyForDeploymentPostprocessing = 0;
		};
/* End PBXResourcesBuildPhase section */

/* Begin PBXSourcesBuildPhase section */
		7A9C12CB1EF23B6300D47C4E /* Sources */ = {
			isa = PBXSourcesBuildPhase;
			buildActionMask = 2147483647;
			files = (
				7A7F94E41EF8C71B00691138 /* Orb.swift in Sources */,
				7A9C12D91EF23B6400D47C4E /* GameScene.swift in Sources */,
				7A7F94E01EF8C45300691138 /* SharedConstants.swift in Sources */,
				7A7F94DE1EF8C0A300691138 /* MenuScene.swift in Sources */,
				7A7F94E21EF8C49900691138 /* SpaceMan.swift in Sources */,
				7A9C12DB1EF23B6400D47C4E /* GameViewController.swift in Sources */,
				7A9C12D31EF23B6400D47C4E /* AppDelegate.swift in Sources */,
				7A7F94E61EF8C87E00691138 /* BlackHole.swift in Sources */,
			);
			runOnlyForDeploymentPostprocessing = 0;
		};
/* End PBXSourcesBuildPhase section */

/* Begin PBXVariantGroup section */
		7A9C12DC1EF23B6400D47C4E /* Main.storyboard */ = {
			isa = PBXVariantGroup;
			children = (
				7A9C12DD1EF23B6400D47C4E /* Base */,
			);
			name = Main.storyboard;
			sourceTree = "<group>";
		};
		7A9C12E11EF23B6400D47C4E /* LaunchScreen.storyboard */ = {
			isa = PBXVariantGroup;
			children = (
				7A9C12E21EF23B6400D47C4E /* Base */,
			);
			name = LaunchScreen.storyboard;
			sourceTree = "<group>";
		};
/* End PBXVariantGroup section */

/* Begin XCBuildConfiguration section */
		7A9C12E51EF23B6400D47C4E /* Debug */ = {
			isa = XCBuildConfiguration;
			buildSettings = {
				ALWAYS_SEARCH_USER_PATHS = NO;
				CLANG_ANALYZER_NONNULL = YES;
				CLANG_CXX_LANGUAGE_STANDARD = "gnu++0x";
				CLANG_CXX_LIBRARY = "libc++";
				CLANG_ENABLE_MODULES = YES;
				CLANG_ENABLE_OBJC_ARC = YES;
				CLANG_WARN_BOOL_CONVERSION = YES;
				CLANG_WARN_CONSTANT_CONVERSION = YES;
				CLANG_WARN_DIRECT_OBJC_ISA_USAGE = YES_ERROR;
				CLANG_WARN_DOCUMENTATION_COMMENTS = YES;
				CLANG_WARN_EMPTY_BODY = YES;
				CLANG_WARN_ENUM_CONVERSION = YES;
				CLANG_WARN_INFINITE_RECURSION = YES;
				CLANG_WARN_INT_CONVERSION = YES;
				CLANG_WARN_OBJC_ROOT_CLASS = YES_ERROR;
				CLANG_WARN_SUSPICIOUS_MOVES = YES;
				CLANG_WARN_UNREACHABLE_CODE = YES;
				CLANG_WARN__DUPLICATE_METHOD_MATCH = YES;
				"CODE_SIGN_IDENTITY[sdk=iphoneos*]" = "iPhone Developer";
				COPY_PHASE_STRIP = NO;
				DEBUG_INFORMATION_FORMAT = dwarf;
				ENABLE_STRICT_OBJC_MSGSEND = YES;
				ENABLE_TESTABILITY = YES;
				GCC_C_LANGUAGE_STANDARD = gnu99;
				GCC_DYNAMIC_NO_PIC = NO;
				GCC_NO_COMMON_BLOCKS = YES;
				GCC_OPTIMIZATION_LEVEL = 0;
				GCC_PREPROCESSOR_DEFINITIONS = (
					"DEBUG=1",
					"$(inherited)",
				);
				GCC_WARN_64_TO_32_BIT_CONVERSION = YES;
				GCC_WARN_ABOUT_RETURN_TYPE = YES_ERROR;
				GCC_WARN_UNDECLARED_SELECTOR = YES;
				GCC_WARN_UNINITIALIZED_AUTOS = YES_AGGRESSIVE;
				GCC_WARN_UNUSED_FUNCTION = YES;
				GCC_WARN_UNUSED_VARIABLE = YES;
				IPHONEOS_DEPLOYMENT_TARGET = 10.0;
				MTL_ENABLE_DEBUG_INFO = YES;
				ONLY_ACTIVE_ARCH = YES;
				SDKROOT = iphoneos;
				SWIFT_ACTIVE_COMPILATION_CONDITIONS = DEBUG;
				SWIFT_OPTIMIZATION_LEVEL = "-Onone";
			};
			name = Debug;
		};
		7A9C12E61EF23B6400D47C4E /* Release */ = {
			isa = XCBuildConfiguration;
			buildSettings = {
				ALWAYS_SEARCH_USER_PATHS = NO;
				CLANG_ANALYZER_NONNULL = YES;
				CLANG_CXX_LANGUAGE_STANDARD = "gnu++0x";
				CLANG_CXX_LIBRARY = "libc++";
				CLANG_ENABLE_MODULES = YES;
				CLANG_ENABLE_OBJC_ARC = YES;
				CLANG_WARN_BOOL_CONVERSION = YES;
				CLANG_WARN_CONSTANT_CONVERSION = YES;
				CLANG_WARN_DIRECT_OBJC_ISA_USAGE = YES_ERROR;
				CLANG_WARN_DOCUMENTATION_COMMENTS = YES;
				CLANG_WARN_EMPTY_BODY = YES;
				CLANG_WARN_ENUM_CONVERSION = YES;
				CLANG_WARN_INFINITE_RECURSION = YES;
				CLANG_WARN_INT_CONVERSION = YES;
				CLANG_WARN_OBJC_ROOT_CLASS = YES_ERROR;
				CLANG_WARN_SUSPICIOUS_MOVES = YES;
				CLANG_WARN_UNREACHABLE_CODE = YES;
				CLANG_WARN__DUPLICATE_METHOD_MATCH = YES;
				"CODE_SIGN_IDENTITY[sdk=iphoneos*]" = "iPhone Developer";
				COPY_PHASE_STRIP = NO;
				DEBUG_INFORMATION_FORMAT = "dwarf-with-dsym";
				ENABLE_NS_ASSERTIONS = NO;
				ENABLE_STRICT_OBJC_MSGSEND = YES;
				GCC_C_LANGUAGE_STANDARD = gnu99;
				GCC_NO_COMMON_BLOCKS = YES;
				GCC_WARN_64_TO_32_BIT_CONVERSION = YES;
				GCC_WARN_ABOUT_RETURN_TYPE = YES_ERROR;
				GCC_WARN_UNDECLARED_SELECTOR = YES;
				GCC_WARN_UNINITIALIZED_AUTOS = YES_AGGRESSIVE;
				GCC_WARN_UNUSED_FUNCTION = YES;
				GCC_WARN_UNUSED_VARIABLE = YES;
				IPHONEOS_DEPLOYMENT_TARGET = 10.0;
				MTL_ENABLE_DEBUG_INFO = NO;
				SDKROOT = iphoneos;
				SWIFT_OPTIMIZATION_LEVEL = "-Owholemodule";
				VALIDATE_PRODUCT = YES;
			};
			name = Release;
		};
		7A9C12E81EF23B6400D47C4E /* Debug */ = {
			isa = XCBuildConfiguration;
			buildSettings = {
				ASSETCATALOG_COMPILER_APPICON_NAME = AppIcon;
				DEVELOPMENT_TEAM = 6VV2NJQ5AD;
				INFOPLIST_FILE = SuperSpaceMan/Info.plist;
				LD_RUNPATH_SEARCH_PATHS = "$(inherited) @executable_path/Frameworks";
				PRODUCT_BUNDLE_IDENTIFIER = com.baiwei.SuperSpaceMan;
				PRODUCT_NAME = "$(TARGET_NAME)";
				SWIFT_VERSION = 3.0;
			};
			name = Debug;
		};
		7A9C12E91EF23B6400D47C4E /* Release */ = {
			isa = XCBuildConfiguration;
			buildSettings = {
				ASSETCATALOG_COMPILER_APPICON_NAME = AppIcon;
				DEVELOPMENT_TEAM = 6VV2NJQ5AD;
				INFOPLIST_FILE = SuperSpaceMan/Info.plist;
				LD_RUNPATH_SEARCH_PATHS = "$(inherited) @executable_path/Frameworks";
				PRODUCT_BUNDLE_IDENTIFIER = com.baiwei.SuperSpaceMan;
				PRODUCT_NAME = "$(TARGET_NAME)";
				SWIFT_VERSION = 3.0;
			};
			name = Release;
		};
/* End XCBuildConfiguration section */

/* Begin XCConfigurationList section */
		7A9C12CA1EF23B6300D47C4E /* Build configuration list for PBXProject "SuperSpaceMan" */ = {
			isa = XCConfigurationList;
			buildConfigurations = (
				7A9C12E51EF23B6400D47C4E /* Debug */,
				7A9C12E61EF23B6400D47C4E /* Release */,
			);
			defaultConfigurationIsVisible = 0;
			defaultConfigurationName = Release;
		};
		7A9C12E71EF23B6400D47C4E /* Build configuration list for PBXNativeTarget "SuperSpaceMan" */ = {
			isa = XCConfigurationList;
			buildConfigurations = (
				7A9C12E81EF23B6400D47C4E /* Debug */,
				7A9C12E91EF23B6400D47C4E /* Release */,
			);
			defaultConfigurationIsVisible = 0;
			defaultConfigurationName = Release;
		};
/* End XCConfigurationList section */
	};
	rootObject = 7A9C12C71EF23B6300D47C4E /* Project object */;
}
