// !$*UTF8*$!
{
	archiveVersion = 1;
	classes = {
	};
	objectVersion = 46;
	objects = {

/* Begin PBXBuildFile section */
		7A64FA1B1E46B84300F56049 /* AppDelegate.swift in Sources */ = {isa = PBXBuildFile; fileRef = 7A64FA1A1E46B84300F56049 /* AppDelegate.swift */; };
		7A64FA1D1E46B84300F56049 /* ViewController.swift in Sources */ = {isa = PBXBuildFile; fileRef = 7A64FA1C1E46B84300F56049 /* ViewController.swift */; };
		7A64FA201E46B84300F56049 /* Main.storyboard in Resources */ = {isa = PBXBuildFile; fileRef = 7A64FA1E1E46B84300F56049 /* Main.storyboard */; };
		7A64FA221E46B84300F56049 /* Assets.xcassets in Resources */ = {isa = PBXBuildFile; fileRef = 7A64FA211E46B84300F56049 /* Assets.xcassets */; };
		7A64FA251E46B84300F56049 /* LaunchScreen.storyboard in Resources */ = {isa = PBXBuildFile; fileRef = 7A64FA231E46B84300F56049 /* LaunchScreen.storyboard */; };
		7A64FA2D1E46B8AD00F56049 /* ShipScene.swift in Sources */ = {isa = PBXBuildFile; fileRef = 7A64FA2C1E46B8AD00F56049 /* ShipScene.swift */; };
/* End PBXBuildFile section */

/* Begin PBXFileReference section */
		7A64FA171E46B84300F56049 /* ShipProperty.app */ = {isa = PBXFileReference; explicitFileType = wrapper.application; includeInIndex = 0; path = ShipProperty.app; sourceTree = BUILT_PRODUCTS_DIR; };
		7A64FA1A1E46B84300F56049 /* AppDelegate.swift */ = {isa = PBXFileReference; lastKnownFileType = sourcecode.swift; path = AppDelegate.swift; sourceTree = "<group>"; };
		7A64FA1C1E46B84300F56049 /* ViewController.swift */ = {isa = PBXFileReference; lastKnownFileType = sourcecode.swift; path = ViewController.swift; sourceTree = "<group>"; };
		7A64FA1F1E46B84300F56049 /* Base */ = {isa = PBXFileReference; lastKnownFileType = file.storyboard; name = Base; path = Base.lproj/Main.storyboard; sourceTree = "<group>"; };
		7A64FA211E46B84300F56049 /* Assets.xcassets */ = {isa = PBXFileReference; lastKnownFileType = folder.assetcatalog; path = Assets.xcassets; sourceTree = "<group>"; };
		7A64FA241E46B84300F56049 /* Base */ = {isa = PBXFileReference; lastKnownFileType = file.storyboard; name = Base; path = Base.lproj/LaunchScreen.storyboard; sourceTree = "<group>"; };
		7A64FA261E46B84300F56049 /* Info.plist */ = {isa = PBXFileReference; lastKnownFileType = text.plist.xml; path = Info.plist; sourceTree = "<group>"; };
		7A64FA2C1E46B8AD00F56049 /* ShipScene.swift */ = {isa = PBXFileReference; fileEncoding = 4; lastKnownFileType = sourcecode.swift; path = ShipScene.swift; sourceTree = "<group>"; };
/* End PBXFileReference section */

/* Begin PBXFrameworksBuildPhase section */
		7A64FA141E46B84300F56049 /* Frameworks */ = {
			isa = PBXFrameworksBuildPhase;
			buildActionMask = 2147483647;
			files = (
			);
			runOnlyForDeploymentPostprocessing = 0;
		};
/* End PBXFrameworksBuildPhase section */

/* Begin PBXGroup section */
		7A64FA0E1E46B84300F56049 = {
			isa = PBXGroup;
			children = (
				7A64FA191E46B84300F56049 /* ShipProperty */,
				7A64FA181E46B84300F56049 /* Products */,
			);
			sourceTree = "<group>";
		};
		7A64FA181E46B84300F56049 /* Products */ = {
			isa = PBXGroup;
			children = (
				7A64FA171E46B84300F56049 /* ShipProperty.app */,
			);
			name = Products;
			sourceTree = "<group>";
		};
		7A64FA191E46B84300F56049 /* ShipProperty */ = {
			isa = PBXGroup;
			children = (
				7A64FA1A1E46B84300F56049 /* AppDelegate.swift */,
				7A64FA1C1E46B84300F56049 /* ViewController.swift */,
				7A64FA2C1E46B8AD00F56049 /* ShipScene.swift */,
				7A64FA1E1E46B84300F56049 /* Main.storyboard */,
				7A64FA211E46B84300F56049 /* Assets.xcassets */,
				7A64FA231E46B84300F56049 /* LaunchScreen.storyboard */,
				7A64FA261E46B84300F56049 /* Info.plist */,
			);
			path = ShipProperty;
			sourceTree = "<group>";
		};
/* End PBXGroup section */

/* Begin PBXNativeTarget section */
		7A64FA161E46B84300F56049 /* ShipProperty */ = {
			isa = PBXNativeTarget;
			buildConfigurationList = 7A64FA291E46B84300F56049 /* Build configuration list for PBXNativeTarget "ShipProperty" */;
			buildPhases = (
				7A64FA131E46B84300F56049 /* Sources */,
				7A64FA141E46B84300F56049 /* Frameworks */,
				7A64FA151E46B84300F56049 /* Resources */,
			);
			buildRules = (
			);
			dependencies = (
			);
			name = ShipProperty;
			productName = ShipProperty;
			productReference = 7A64FA171E46B84300F56049 /* ShipProperty.app */;
			productType = "com.apple.product-type.application";
		};
/* End PBXNativeTarget section */

/* Begin PBXProject section */
		7A64FA0F1E46B84300F56049 /* Project object */ = {
			isa = PBXProject;
			attributes = {
				LastSwiftUpdateCheck = 0800;
				LastUpgradeCheck = 0800;
				ORGANIZATIONNAME = YuHua;
				TargetAttributes = {
					7A64FA161E46B84300F56049 = {
						CreatedOnToolsVersion = 8.0;
						ProvisioningStyle = Automatic;
					};
				};
			};
			buildConfigurationList = 7A64FA121E46B84300F56049 /* Build configuration list for PBXProject "ShipProperty" */;
			compatibilityVersion = "Xcode 3.2";
			developmentRegion = English;
			hasScannedForEncodings = 0;
			knownRegions = (
				en,
				Base,
			);
			mainGroup = 7A64FA0E1E46B84300F56049;
			productRefGroup = 7A64FA181E46B84300F56049 /* Products */;
			projectDirPath = "";
			projectRoot = "";
			targets = (
				7A64FA161E46B84300F56049 /* ShipProperty */,
			);
		};
/* End PBXProject section */

/* Begin PBXResourcesBuildPhase section */
		7A64FA151E46B84300F56049 /* Resources */ = {
			isa = PBXResourcesBuildPhase;
			buildActionMask = 2147483647;
			files = (
				7A64FA251E46B84300F56049 /* LaunchScreen.storyboard in Resources */,
				7A64FA221E46B84300F56049 /* Assets.xcassets in Resources */,
				7A64FA201E46B84300F56049 /* Main.storyboard in Resources */,
			);
			runOnlyForDeploymentPostprocessing = 0;
		};
/* End PBXResourcesBuildPhase section */

/* Begin PBXSourcesBuildPhase section */
		7A64FA131E46B84300F56049 /* Sources */ = {
			isa = PBXSourcesBuildPhase;
			buildActionMask = 2147483647;
			files = (
				7A64FA1D1E46B84300F56049 /* ViewController.swift in Sources */,
				7A64FA2D1E46B8AD00F56049 /* ShipScene.swift in Sources */,
				7A64FA1B1E46B84300F56049 /* AppDelegate.swift in Sources */,
			);
			runOnlyForDeploymentPostprocessing = 0;
		};
/* End PBXSourcesBuildPhase section */

/* Begin PBXVariantGroup section */
		7A64FA1E1E46B84300F56049 /* Main.storyboard */ = {
			isa = PBXVariantGroup;
			children = (
				7A64FA1F1E46B84300F56049 /* Base */,
			);
			name = Main.storyboard;
			sourceTree = "<group>";
		};
		7A64FA231E46B84300F56049 /* LaunchScreen.storyboard */ = {
			isa = PBXVariantGroup;
			children = (
				7A64FA241E46B84300F56049 /* Base */,
			);
			name = LaunchScreen.storyboard;
			sourceTree = "<group>";
		};
/* End PBXVariantGroup section */

/* Begin XCBuildConfiguration section */
		7A64FA271E46B84300F56049 /* Debug */ = {
			isa = XCBuildConfiguration;
			buildSettings = {
				ALWAYS_SEARCH_USER_PATHS = NO;
				CLANG_ANALYZER_NONNULL = YES;
				CLANG_CXX_LANGUAGE_STANDARD = "gnu++0x";
				CLANG_CXX_LIBRARY = "libc++";
				CLANG_ENABLE_MODULES = YES;
				CLANG_ENABLE_OBJC_ARC = YES;
				CLANG_WARN_BOOL_CONVERSION = YES;
				CLANG_WARN_CONSTANT_CONVERSION = YES;
				CLANG_WARN_DIRECT_OBJC_ISA_USAGE = YES_ERROR;
				CLANG_WARN_DOCUMENTATION_COMMENTS = YES;
				CLANG_WARN_EMPTY_BODY = YES;
				CLANG_WARN_ENUM_CONVERSION = YES;
				CLANG_WARN_INFINITE_RECURSION = YES;
				CLANG_WARN_INT_CONVERSION = YES;
				CLANG_WARN_OBJC_ROOT_CLASS = YES_ERROR;
				CLANG_WARN_SUSPICIOUS_MOVES = YES;
				CLANG_WARN_UNREACHABLE_CODE = YES;
				CLANG_WARN__DUPLICATE_METHOD_MATCH = YES;
				"CODE_SIGN_IDENTITY[sdk=iphoneos*]" = "iPhone Developer";
				COPY_PHASE_STRIP = NO;
				DEBUG_INFORMATION_FORMAT = dwarf;
				ENABLE_STRICT_OBJC_MSGSEND = YES;
				ENABLE_TESTABILITY = YES;
				GCC_C_LANGUAGE_STANDARD = gnu99;
				GCC_DYNAMIC_NO_PIC = NO;
				GCC_NO_COMMON_BLOCKS = YES;
				GCC_OPTIMIZATION_LEVEL = 0;
				GCC_PREPROCESSOR_DEFINITIONS = (
					"DEBUG=1",
					"$(inherited)",
				);
				GCC_WARN_64_TO_32_BIT_CONVERSION = YES;
				GCC_WARN_ABOUT_RETURN_TYPE = YES_ERROR;
				GCC_WARN_UNDECLARED_SELECTOR = YES;
				GCC_WARN_UNINITIALIZED_AUTOS = YES_AGGRESSIVE;
				GCC_WARN_UNUSED_FUNCTION = YES;
				GCC_WARN_UNUSED_VARIABLE = YES;
				IPHONEOS_DEPLOYMENT_TARGET = 10.0;
				MTL_ENABLE_DEBUG_INFO = YES;
				ONLY_ACTIVE_ARCH = YES;
				SDKROOT = iphoneos;
				SWIFT_ACTIVE_COMPILATION_CONDITIONS = DEBUG;
				SWIFT_OPTIMIZATION_LEVEL = "-Onone";
			};
			name = Debug;
		};
		7A64FA281E46B84300F56049 /* Release */ = {
			isa = XCBuildConfiguration;
			buildSettings = {
				ALWAYS_SEARCH_USER_PATHS = NO;
				CLANG_ANALYZER_NONNULL = YES;
				CLANG_CXX_LANGUAGE_STANDARD = "gnu++0x";
				CLANG_CXX_LIBRARY = "libc++";
				CLANG_ENABLE_MODULES = YES;
				CLANG_ENABLE_OBJC_ARC = YES;
				CLANG_WARN_BOOL_CONVERSION = YES;
				CLANG_WARN_CONSTANT_CONVERSION = YES;
				CLANG_WARN_DIRECT_OBJC_ISA_USAGE = YES_ERROR;
				CLANG_WARN_DOCUMENTATION_COMMENTS = YES;
				CLANG_WARN_EMPTY_BODY = YES;
				CLANG_WARN_ENUM_CONVERSION = YES;
				CLANG_WARN_INFINITE_RECURSION = YES;
				CLANG_WARN_INT_CONVERSION = YES;
				CLANG_WARN_OBJC_ROOT_CLASS = YES_ERROR;
				CLANG_WARN_SUSPICIOUS_MOVES = YES;
				CLANG_WARN_UNREACHABLE_CODE = YES;
				CLANG_WARN__DUPLICATE_METHOD_MATCH = YES;
				"CODE_SIGN_IDENTITY[sdk=iphoneos*]" = "iPhone Developer";
				COPY_PHASE_STRIP = NO;
				DEBUG_INFORMATION_FORMAT = "dwarf-with-dsym";
				ENABLE_NS_ASSERTIONS = NO;
				ENABLE_STRICT_OBJC_MSGSEND = YES;
				GCC_C_LANGUAGE_STANDARD = gnu99;
				GCC_NO_COMMON_BLOCKS = YES;
				GCC_WARN_64_TO_32_BIT_CONVERSION = YES;
				GCC_WARN_ABOUT_RETURN_TYPE = YES_ERROR;
				GCC_WARN_UNDECLARED_SELECTOR = YES;
				GCC_WARN_UNINITIALIZED_AUTOS = YES_AGGRESSIVE;
				GCC_WARN_UNUSED_FUNCTION = YES;
				GCC_WARN_UNUSED_VARIABLE = YES;
				IPHONEOS_DEPLOYMENT_TARGET = 10.0;
				MTL_ENABLE_DEBUG_INFO = NO;
				SDKROOT = iphoneos;
				SWIFT_OPTIMIZATION_LEVEL = "-Owholemodule";
				VALIDATE_PRODUCT = YES;
			};
			name = Release;
		};
		7A64FA2A1E46B84300F56049 /* Debug */ = {
			isa = XCBuildConfiguration;
			buildSettings = {
				ASSETCATALOG_COMPILER_APPICON_NAME = AppIcon;
				INFOPLIST_FILE = ShipProperty/Info.plist;
				LD_RUNPATH_SEARCH_PATHS = "$(inherited) @executable_path/Frameworks";
				PRODUCT_BUNDLE_IDENTIFIER = com.yuhua.ShipProperty;
				PRODUCT_NAME = "$(TARGET_NAME)";
				SWIFT_VERSION = 3.0;
			};
			name = Debug;
		};
		7A64FA2B1E46B84300F56049 /* Release */ = {
			isa = XCBuildConfiguration;
			buildSettings = {
				ASSETCATALOG_COMPILER_APPICON_NAME = AppIcon;
				INFOPLIST_FILE = ShipProperty/Info.plist;
				LD_RUNPATH_SEARCH_PATHS = "$(inherited) @executable_path/Frameworks";
				PRODUCT_BUNDLE_IDENTIFIER = com.yuhua.ShipProperty;
				PRODUCT_NAME = "$(TARGET_NAME)";
				SWIFT_VERSION = 3.0;
			};
			name = Release;
		};
/* End XCBuildConfiguration section */

/* Begin XCConfigurationList section */
		7A64FA121E46B84300F56049 /* Build configuration list for PBXProject "ShipProperty" */ = {
			isa = XCConfigurationList;
			buildConfigurations = (
				7A64FA271E46B84300F56049 /* Debug */,
				7A64FA281E46B84300F56049 /* Release */,
			);
			defaultConfigurationIsVisible = 0;
			defaultConfigurationName = Release;
		};
		7A64FA291E46B84300F56049 /* Build configuration list for PBXNativeTarget "ShipProperty" */ = {
			isa = XCConfigurationList;
			buildConfigurations = (
				7A64FA2A1E46B84300F56049 /* Debug */,
				7A64FA2B1E46B84300F56049 /* Release */,
			);
			defaultConfigurationIsVisible = 0;
		};
/* End XCConfigurationList section */
	};
	rootObject = 7A64FA0F1E46B84300F56049 /* Project object */;
}
